
Microsoft Visual Studio Solution File, Format Version 12.00
# Visual Studio Version 16
VisualStudioVersion = 16.0.31515.178
MinimumVisualStudioVersion = 10.0.40219.1
Project("{FAE04EC0-301F-11D3-BF4B-00C04F79EFBC}") = "WFMaze", "WFMaze.csproj", "{3B0AE04A-2777-43C4-86A9-7E0CBCB2F04A}"
EndProject
Project("{FAE04EC0-301F-11D3-BF4B-00C04F79EFBC}") = "Dialog", "..\Dialog\Dialog.csproj", "{A2C26456-0992-4896-9F11-A41996592B5B}"
EndProject
Global
	GlobalSection(SolutionConfigurationPlatforms) = preSolution
		Debug|Any CPU = Debug|Any CPU
		Release|Any CPU = Release|Any CPU
	EndGlobalSection
	GlobalSection(ProjectConfigurationPlatforms) = postSolution
		{3B0AE04A-2777-43C4-86A9-7E0CBCB2F04A}.Debug|Any CPU.ActiveCfg = Debug|Any CPU
		{3B0AE04A-2777-43C4-86A9-7E0CBCB2F04A}.Debug|Any CPU.Build.0 = Debug|Any CPU
		{3B0AE04A-2777-43C4-86A9-7E0CBCB2F04A}.Release|Any CPU.ActiveCfg = Release|Any CPU
		{3B0AE04A-2777-43C4-86A9-7E0CBCB2F04A}.Release|Any CPU.Build.0 = Release|Any CPU
		{A2C26456-0992-4896-9F11-A41996592B5B}.Debug|Any CPU.ActiveCfg = Debug|Any CPU
		{A2C26456-0992-4896-9F11-A41996592B5B}.Debug|Any CPU.Build.0 = Debug|Any CPU
		{A2C26456-0992-4896-9F11-A41996592B5B}.Release|Any CPU.ActiveCfg = Release|Any CPU
		{A2C26456-0992-4896-9F11-A41996592B5B}.Release|Any CPU.Build.0 = Release|Any CPU
	EndGlobalSection
	GlobalSection(SolutionProperties) = preSolution
		HideSolutionNode = FALSE
	EndGlobalSection
	GlobalSection(ExtensibilityGlobals) = postSolution
		SolutionGuid = {E2200111-34EB-458A-A49C-B7F05B1140ED}
	EndGlobalSection
EndGlobal
